
Microsoft Visual Studio Solution File, Format Version 12.00
# Visual Studio Version 16
VisualStudioVersion = 16.0.30406.217
MinimumVisualStudioVersion = 10.0.40219.1
Project("{2150E333-8FDC-42A3-9474-1A3956D46DE8}") = "Solution Items", "Solution Items", "{A1813FDA-7F5C-4B19-8978-47E28E9A2C1B}"
	ProjectSection(SolutionItems) = preProject
		.editorconfig = .editorconfig
		stylecop.json = stylecop.json
	EndProjectSection
EndProject
Project("{9A19103F-16F7-4668-BE54-9A1E7A4F7556}") = "DocRepoParser", "DocRepoParser\DocRepoParser.csproj", "{46D0227F-1CC6-41C0-B48A-9E5B332180A0}"
EndProject
Project("{9A19103F-16F7-4668-BE54-9A1E7A4F7556}") = "Common", "Common\Common.csproj", "{0C4CA6AB-DF04-4911-9249-D4829E325CF0}"
EndProject
Project("{9A19103F-16F7-4668-BE54-9A1E7A4F7556}") = "SparkWordsProcessor", "SparkWordsProcessor\SparkWordsProcessor.csproj", "{3FF34ED5-6020-4660-A8B8-1C6137B0CDFA}"
EndProject
Project("{FAE04EC0-301F-11D3-BF4B-00C04F79EFBC}") = "DocMLCategorization", "DocMLCategorization\DocMLCategorization.csproj", "{6A42B90F-C3C8-438B-9CDF-90E95BB7E73E}"
EndProject
Global
	GlobalSection(SolutionConfigurationPlatforms) = preSolution
		Debug|Any CPU = Debug|Any CPU
		Release|Any CPU = Release|Any CPU
	EndGlobalSection
	GlobalSection(ProjectConfigurationPlatforms) = postSolution
		{46D0227F-1CC6-41C0-B48A-9E5B332180A0}.Debug|Any CPU.ActiveCfg = Debug|Any CPU
		{46D0227F-1CC6-41C0-B48A-9E5B332180A0}.Debug|Any CPU.Build.0 = Debug|Any CPU
		{46D0227F-1CC6-41C0-B48A-9E5B332180A0}.Release|Any CPU.ActiveCfg = Release|Any CPU
		{46D0227F-1CC6-41C0-B48A-9E5B332180A0}.Release|Any CPU.Build.0 = Release|Any CPU
		{0C4CA6AB-DF04-4911-9249-D4829E325CF0}.Debug|Any CPU.ActiveCfg = Debug|Any CPU
		{0C4CA6AB-DF04-4911-9249-D4829E325CF0}.Debug|Any CPU.Build.0 = Debug|Any CPU
		{0C4CA6AB-DF04-4911-9249-D4829E325CF0}.Release|Any CPU.ActiveCfg = Release|Any CPU
		{0C4CA6AB-DF04-4911-9249-D4829E325CF0}.Release|Any CPU.Build.0 = Release|Any CPU
		{3FF34ED5-6020-4660-A8B8-1C6137B0CDFA}.Debug|Any CPU.ActiveCfg = Debug|Any CPU
		{3FF34ED5-6020-4660-A8B8-1C6137B0CDFA}.Debug|Any CPU.Build.0 = Debug|Any CPU
		{3FF34ED5-6020-4660-A8B8-1C6137B0CDFA}.Release|Any CPU.ActiveCfg = Release|Any CPU
		{3FF34ED5-6020-4660-A8B8-1C6137B0CDFA}.Release|Any CPU.Build.0 = Release|Any CPU
		{6A42B90F-C3C8-438B-9CDF-90E95BB7E73E}.Debug|Any CPU.ActiveCfg = Debug|Any CPU
		{6A42B90F-C3C8-438B-9CDF-90E95BB7E73E}.Debug|Any CPU.Build.0 = Debug|Any CPU
		{6A42B90F-C3C8-438B-9CDF-90E95BB7E73E}.Release|Any CPU.ActiveCfg = Release|Any CPU
		{6A42B90F-C3C8-438B-9CDF-90E95BB7E73E}.Release|Any CPU.Build.0 = Release|Any CPU
	EndGlobalSection
	GlobalSection(SolutionProperties) = preSolution
		HideSolutionNode = FALSE
	EndGlobalSection
	GlobalSection(ExtensibilityGlobals) = postSolution
		SolutionGuid = {B5E6C72F-9111-4498-A1F8-81D1575D2339}
	EndGlobalSection
EndGlobal
